
Microsoft Visual Studio Solution File, Format Version 12.00
# Visual Studio Version 17
VisualStudioVersion = 17.3.32825.248
MinimumVisualStudioVersion = 10.0.40219.1
Project("{2150E333-8FDC-42A3-9474-1A3956D46DE8}") = "Libs", "Libs", "{4971D6D1-D26D-421B-8B3B-210278725621}"
EndProject
Project("{9A19103F-16F7-4668-BE54-9A1E7A4F7556}") = "Cryptography", "Libs\Cryptography\Cryptography.csproj", "{D90778B8-11F6-44AF-A872-521D11A18F6D}"
EndProject
Project("{2150E333-8FDC-42A3-9474-1A3956D46DE8}") = "UnitTests", "UnitTests", "{EA78B554-A098-4A56-B5F3-9A64147E26E4}"
EndProject
Project("{2150E333-8FDC-42A3-9474-1A3956D46DE8}") = "Libs", "Libs", "{49FB6453-6614-4051-BE7D-20D7D1F222B4}"
EndProject
Project("{2150E333-8FDC-42A3-9474-1A3956D46DE8}") = "Backend", "Backend", "{C0FE343B-5F0B-4463-A8FE-D2EC7EE29D06}"
EndProject
Project("{2150E333-8FDC-42A3-9474-1A3956D46DE8}") = "Infra", "Infra", "{A3F418A6-05CE-4AC2-B3A0-727F212487F1}"
EndProject
Project("{2150E333-8FDC-42A3-9474-1A3956D46DE8}") = "Implementations", "Implementations", "{6848C2B3-0459-419E-BAF9-1EC70AF33DC1}"
EndProject
Project("{2150E333-8FDC-42A3-9474-1A3956D46DE8}") = "Interfaces", "Interfaces", "{B83516B5-CA25-46A9-BB55-588CC0B5C712}"
EndProject
Project("{2150E333-8FDC-42A3-9474-1A3956D46DE8}") = "Base", "Base", "{1CE8F748-C3DA-4901-AD9C-26C8375D3BE3}"
EndProject
Project("{2150E333-8FDC-42A3-9474-1A3956D46DE8}") = "Base", "Base", "{02A0AB9A-3A39-4207-9B06-A1C658495E7C}"
EndProject
Project("{9A19103F-16F7-4668-BE54-9A1E7A4F7556}") = "IBase", "Backend\Infra\Interfaces\Base\IBase.csproj", "{A9D3FD44-2C6A-4DF5-B2BD-1742CADF3D30}"
EndProject
Project("{9A19103F-16F7-4668-BE54-9A1E7A4F7556}") = "Base", "Backend\Infra\Implementations\Base\Base.csproj", "{30B3F464-C8C7-48C3-97B8-A447E7CF514D}"
EndProject
Project("{9A19103F-16F7-4668-BE54-9A1E7A4F7556}") = "Cryptography.Tests", "UnitTests\Libs\Cryptography.Tests\Cryptography.Tests.csproj", "{97D59000-DA2A-435C-B594-4E22BD05D824}"
EndProject
Project("{2150E333-8FDC-42A3-9474-1A3956D46DE8}") = "Exceptions", "Exceptions", "{FF26F736-FAC4-4456-ABCC-FA47BAD91E19}"
EndProject
Project("{9A19103F-16F7-4668-BE54-9A1E7A4F7556}") = "IExceptions", "Backend\Infra\Interfaces\Exceptions\IExceptions.csproj", "{8FA40326-C436-4682-B44F-545C1E2D9F8C}"
EndProject
Project("{2150E333-8FDC-42A3-9474-1A3956D46DE8}") = "Internal", "Internal", "{C2DD8A4E-B5B2-4DDE-B291-59584EBE2AE2}"
EndProject
Project("{9A19103F-16F7-4668-BE54-9A1E7A4F7556}") = "IInternalExceptions", "Backend\Infra\Interfaces\Exceptions\Internal\IInternalExceptions.csproj", "{FF968474-E5FE-4E2A-97E9-6DDA8394757C}"
EndProject
Project("{2150E333-8FDC-42A3-9474-1A3956D46DE8}") = "Exceptions", "Exceptions", "{E932F83C-3317-42C7-9365-E79F2B296491}"
EndProject
Project("{2150E333-8FDC-42A3-9474-1A3956D46DE8}") = "Internal", "Internal", "{B4CE3A10-6DD6-4924-8C1F-34B18ADA3D6E}"
EndProject
Project("{9A19103F-16F7-4668-BE54-9A1E7A4F7556}") = "InternalExceptions", "Backend\Infra\Implementations\Exceptions\Internal\InternalExceptions.csproj", "{43378313-B7E1-4934-BE47-5517041BF7B1}"
EndProject
Project("{9A19103F-16F7-4668-BE54-9A1E7A4F7556}") = "Exceptions", "Backend\Infra\Implementations\Exceptions\Exceptions.csproj", "{67FFE7B4-585D-470A-AE1C-BC32CCDE91E4}"
EndProject
Global
	GlobalSection(SolutionConfigurationPlatforms) = preSolution
		Debug|Any CPU = Debug|Any CPU
		Release|Any CPU = Release|Any CPU
	EndGlobalSection
	GlobalSection(ProjectConfigurationPlatforms) = postSolution
		{D90778B8-11F6-44AF-A872-521D11A18F6D}.Debug|Any CPU.ActiveCfg = Debug|Any CPU
		{D90778B8-11F6-44AF-A872-521D11A18F6D}.Debug|Any CPU.Build.0 = Debug|Any CPU
		{D90778B8-11F6-44AF-A872-521D11A18F6D}.Release|Any CPU.ActiveCfg = Release|Any CPU
		{D90778B8-11F6-44AF-A872-521D11A18F6D}.Release|Any CPU.Build.0 = Release|Any CPU
		{A9D3FD44-2C6A-4DF5-B2BD-1742CADF3D30}.Debug|Any CPU.ActiveCfg = Debug|Any CPU
		{A9D3FD44-2C6A-4DF5-B2BD-1742CADF3D30}.Debug|Any CPU.Build.0 = Debug|Any CPU
		{A9D3FD44-2C6A-4DF5-B2BD-1742CADF3D30}.Release|Any CPU.ActiveCfg = Release|Any CPU
		{A9D3FD44-2C6A-4DF5-B2BD-1742CADF3D30}.Release|Any CPU.Build.0 = Release|Any CPU
		{30B3F464-C8C7-48C3-97B8-A447E7CF514D}.Debug|Any CPU.ActiveCfg = Debug|Any CPU
		{30B3F464-C8C7-48C3-97B8-A447E7CF514D}.Debug|Any CPU.Build.0 = Debug|Any CPU
		{30B3F464-C8C7-48C3-97B8-A447E7CF514D}.Release|Any CPU.ActiveCfg = Release|Any CPU
		{30B3F464-C8C7-48C3-97B8-A447E7CF514D}.Release|Any CPU.Build.0 = Release|Any CPU
		{97D59000-DA2A-435C-B594-4E22BD05D824}.Debug|Any CPU.ActiveCfg = Debug|Any CPU
		{97D59000-DA2A-435C-B594-4E22BD05D824}.Debug|Any CPU.Build.0 = Debug|Any CPU
		{97D59000-DA2A-435C-B594-4E22BD05D824}.Release|Any CPU.ActiveCfg = Release|Any CPU
		{97D59000-DA2A-435C-B594-4E22BD05D824}.Release|Any CPU.Build.0 = Release|Any CPU
		{8FA40326-C436-4682-B44F-545C1E2D9F8C}.Debug|Any CPU.ActiveCfg = Debug|Any CPU
		{8FA40326-C436-4682-B44F-545C1E2D9F8C}.Debug|Any CPU.Build.0 = Debug|Any CPU
		{8FA40326-C436-4682-B44F-545C1E2D9F8C}.Release|Any CPU.ActiveCfg = Release|Any CPU
		{8FA40326-C436-4682-B44F-545C1E2D9F8C}.Release|Any CPU.Build.0 = Release|Any CPU
		{FF968474-E5FE-4E2A-97E9-6DDA8394757C}.Debug|Any CPU.ActiveCfg = Debug|Any CPU
		{FF968474-E5FE-4E2A-97E9-6DDA8394757C}.Debug|Any CPU.Build.0 = Debug|Any CPU
		{FF968474-E5FE-4E2A-97E9-6DDA8394757C}.Release|Any CPU.ActiveCfg = Release|Any CPU
		{FF968474-E5FE-4E2A-97E9-6DDA8394757C}.Release|Any CPU.Build.0 = Release|Any CPU
		{43378313-B7E1-4934-BE47-5517041BF7B1}.Debug|Any CPU.ActiveCfg = Debug|Any CPU
		{43378313-B7E1-4934-BE47-5517041BF7B1}.Debug|Any CPU.Build.0 = Debug|Any CPU
		{43378313-B7E1-4934-BE47-5517041BF7B1}.Release|Any CPU.ActiveCfg = Release|Any CPU
		{43378313-B7E1-4934-BE47-5517041BF7B1}.Release|Any CPU.Build.0 = Release|Any CPU
		{67FFE7B4-585D-470A-AE1C-BC32CCDE91E4}.Debug|Any CPU.ActiveCfg = Debug|Any CPU
		{67FFE7B4-585D-470A-AE1C-BC32CCDE91E4}.Debug|Any CPU.Build.0 = Debug|Any CPU
		{67FFE7B4-585D-470A-AE1C-BC32CCDE91E4}.Release|Any CPU.ActiveCfg = Release|Any CPU
		{67FFE7B4-585D-470A-AE1C-BC32CCDE91E4}.Release|Any CPU.Build.0 = Release|Any CPU
	EndGlobalSection
	GlobalSection(SolutionProperties) = preSolution
		HideSolutionNode = FALSE
	EndGlobalSection
	GlobalSection(NestedProjects) = preSolution
		{D90778B8-11F6-44AF-A872-521D11A18F6D} = {4971D6D1-D26D-421B-8B3B-210278725621}
		{49FB6453-6614-4051-BE7D-20D7D1F222B4} = {EA78B554-A098-4A56-B5F3-9A64147E26E4}
		{A3F418A6-05CE-4AC2-B3A0-727F212487F1} = {C0FE343B-5F0B-4463-A8FE-D2EC7EE29D06}
		{6848C2B3-0459-419E-BAF9-1EC70AF33DC1} = {A3F418A6-05CE-4AC2-B3A0-727F212487F1}
		{B83516B5-CA25-46A9-BB55-588CC0B5C712} = {A3F418A6-05CE-4AC2-B3A0-727F212487F1}
		{1CE8F748-C3DA-4901-AD9C-26C8375D3BE3} = {6848C2B3-0459-419E-BAF9-1EC70AF33DC1}
		{02A0AB9A-3A39-4207-9B06-A1C658495E7C} = {B83516B5-CA25-46A9-BB55-588CC0B5C712}
		{A9D3FD44-2C6A-4DF5-B2BD-1742CADF3D30} = {02A0AB9A-3A39-4207-9B06-A1C658495E7C}
		{30B3F464-C8C7-48C3-97B8-A447E7CF514D} = {1CE8F748-C3DA-4901-AD9C-26C8375D3BE3}
		{97D59000-DA2A-435C-B594-4E22BD05D824} = {49FB6453-6614-4051-BE7D-20D7D1F222B4}
		{FF26F736-FAC4-4456-ABCC-FA47BAD91E19} = {B83516B5-CA25-46A9-BB55-588CC0B5C712}
		{8FA40326-C436-4682-B44F-545C1E2D9F8C} = {FF26F736-FAC4-4456-ABCC-FA47BAD91E19}
		{C2DD8A4E-B5B2-4DDE-B291-59584EBE2AE2} = {FF26F736-FAC4-4456-ABCC-FA47BAD91E19}
		{FF968474-E5FE-4E2A-97E9-6DDA8394757C} = {C2DD8A4E-B5B2-4DDE-B291-59584EBE2AE2}
		{E932F83C-3317-42C7-9365-E79F2B296491} = {6848C2B3-0459-419E-BAF9-1EC70AF33DC1}
		{B4CE3A10-6DD6-4924-8C1F-34B18ADA3D6E} = {E932F83C-3317-42C7-9365-E79F2B296491}
		{43378313-B7E1-4934-BE47-5517041BF7B1} = {B4CE3A10-6DD6-4924-8C1F-34B18ADA3D6E}
		{67FFE7B4-585D-470A-AE1C-BC32CCDE91E4} = {E932F83C-3317-42C7-9365-E79F2B296491}
	EndGlobalSection
	GlobalSection(ExtensibilityGlobals) = postSolution
		SolutionGuid = {D82A416C-C477-4359-895E-3AF5F243B4F5}
	EndGlobalSection
EndGlobal
